// !$*UTF8*$!
{
	archiveVersion = 1;
	classes = {
	};
	objectVersion = 56;
	objects = {

/* Begin PBXBuildFile section */
		851DCBCA2AD77719002E2A9A /* CachePolicy.swift in Sources */ = {isa = PBXBuildFile; fileRef = 851DCBC92AD77719002E2A9A /* CachePolicy.swift */; };
		851DCBCC2AD77794002E2A9A /* CacheClient.swift in Sources */ = {isa = PBXBuildFile; fileRef = 851DCBCB2AD77794002E2A9A /* CacheClient.swift */; };
		85E5F3462ACF2F430096B65B /* LocalRestaurantLoaderForValidateCacheCommandTests.swift in Sources */ = {isa = PBXBuildFile; fileRef = 85E5F3452ACF2F430096B65B /* LocalRestaurantLoaderForValidateCacheCommandTests.swift */; };
		A823B8C82A1C524400414C7C /* NetworkClient.swift in Sources */ = {isa = PBXBuildFile; fileRef = A823B8C72A1C524400414C7C /* NetworkClient.swift */; };
		A823B8CA2A1C526F00414C7C /* RestaurantItem.swift in Sources */ = {isa = PBXBuildFile; fileRef = A823B8C92A1C526F00414C7C /* RestaurantItem.swift */; };
		A823B8CC2A1C52B200414C7C /* NetworkClientSpy.swift in Sources */ = {isa = PBXBuildFile; fileRef = A823B8CB2A1C52B200414C7C /* NetworkClientSpy.swift */; };
		A888D15029C624D800B230E4 /* RestaurantDomain.framework in Frameworks */ = {isa = PBXBuildFile; fileRef = A888D14729C624D800B230E4 /* RestaurantDomain.framework */; };
		A888D15529C624D800B230E4 /* RestaurantDomainTests.swift in Sources */ = {isa = PBXBuildFile; fileRef = A888D15429C624D800B230E4 /* RestaurantDomainTests.swift */; };
		A888D15629C624D800B230E4 /* RestaurantDomain.h in Headers */ = {isa = PBXBuildFile; fileRef = A888D14A29C624D800B230E4 /* RestaurantDomain.h */; settings = {ATTRIBUTES = (Public, ); }; };
		A888D16029C626EC00B230E4 /* RemoteRestaurantLoader.swift in Sources */ = {isa = PBXBuildFile; fileRef = A888D15F29C626EC00B230E4 /* RemoteRestaurantLoader.swift */; };
		A8A03ED02A219B3C007FB49B /* NetworkServiceTests.swift in Sources */ = {isa = PBXBuildFile; fileRef = A8A03ECF2A219B3B007FB49B /* NetworkServiceTests.swift */; };
		A8A03ED22A21B6CE007FB49B /* URLSessionSpy.swift in Sources */ = {isa = PBXBuildFile; fileRef = A8A03ED12A21B6CE007FB49B /* URLSessionSpy.swift */; };
		A8A03ED42A21B712007FB49B /* XCTestCase+Helpers.swift in Sources */ = {isa = PBXBuildFile; fileRef = A8A03ED32A21B712007FB49B /* XCTestCase+Helpers.swift */; };
		A8A03ED92A2252CC007FB49B /* LocalRestaurantLoader.swift in Sources */ = {isa = PBXBuildFile; fileRef = A8A03ED82A2252CC007FB49B /* LocalRestaurantLoader.swift */; };
		A8A03EDC2A2252F8007FB49B /* LocalRestaurantLoaderForSaveCommandTests.swift in Sources */ = {isa = PBXBuildFile; fileRef = A8A03EDB2A2252F8007FB49B /* LocalRestaurantLoaderForSaveCommandTests.swift */; };
		A8A03EDE2A22A3F7007FB49B /* RestaurantLoader.swift in Sources */ = {isa = PBXBuildFile; fileRef = A8A03EDD2A22A3F7007FB49B /* RestaurantLoader.swift */; };
		A8A03EE02A22A7CC007FB49B /* LocalRestaurantLoaderForLoadCommandTests.swift in Sources */ = {isa = PBXBuildFile; fileRef = A8A03EDF2A22A7CC007FB49B /* LocalRestaurantLoaderForLoadCommandTests.swift */; };
		A8A03EE22A22A95B007FB49B /* CacheClientSpy.swift in Sources */ = {isa = PBXBuildFile; fileRef = A8A03EE12A22A95B007FB49B /* CacheClientSpy.swift */; };
/* End PBXBuildFile section */

/* Begin PBXContainerItemProxy section */
		A888D15129C624D800B230E4 /* PBXContainerItemProxy */ = {
			isa = PBXContainerItemProxy;
			containerPortal = A888D13E29C624D700B230E4 /* Project object */;
			proxyType = 1;
			remoteGlobalIDString = A888D14629C624D700B230E4;
			remoteInfo = RestaurantDomain;
		};
/* End PBXContainerItemProxy section */

/* Begin PBXFileReference section */
		851DCBC92AD77719002E2A9A /* CachePolicy.swift */ = {isa = PBXFileReference; lastKnownFileType = sourcecode.swift; path = CachePolicy.swift; sourceTree = "<group>"; };
		851DCBCB2AD77794002E2A9A /* CacheClient.swift */ = {isa = PBXFileReference; lastKnownFileType = sourcecode.swift; path = CacheClient.swift; sourceTree = "<group>"; };
		85E5F3452ACF2F430096B65B /* LocalRestaurantLoaderForValidateCacheCommandTests.swift */ = {isa = PBXFileReference; lastKnownFileType = sourcecode.swift; path = LocalRestaurantLoaderForValidateCacheCommandTests.swift; sourceTree = "<group>"; };
		A823B8C72A1C524400414C7C /* NetworkClient.swift */ = {isa = PBXFileReference; lastKnownFileType = sourcecode.swift; path = NetworkClient.swift; sourceTree = "<group>"; };
		A823B8C92A1C526F00414C7C /* RestaurantItem.swift */ = {isa = PBXFileReference; lastKnownFileType = sourcecode.swift; path = RestaurantItem.swift; sourceTree = "<group>"; };
		A823B8CB2A1C52B200414C7C /* NetworkClientSpy.swift */ = {isa = PBXFileReference; lastKnownFileType = sourcecode.swift; path = NetworkClientSpy.swift; sourceTree = "<group>"; };
		A888D14729C624D800B230E4 /* RestaurantDomain.framework */ = {isa = PBXFileReference; explicitFileType = wrapper.framework; includeInIndex = 0; path = RestaurantDomain.framework; sourceTree = BUILT_PRODUCTS_DIR; };
		A888D14A29C624D800B230E4 /* RestaurantDomain.h */ = {isa = PBXFileReference; lastKnownFileType = sourcecode.c.h; path = RestaurantDomain.h; sourceTree = "<group>"; };
		A888D14F29C624D800B230E4 /* RestaurantDomainTests.xctest */ = {isa = PBXFileReference; explicitFileType = wrapper.cfbundle; includeInIndex = 0; path = RestaurantDomainTests.xctest; sourceTree = BUILT_PRODUCTS_DIR; };
		A888D15429C624D800B230E4 /* RestaurantDomainTests.swift */ = {isa = PBXFileReference; lastKnownFileType = sourcecode.swift; path = RestaurantDomainTests.swift; sourceTree = "<group>"; };
		A888D15F29C626EC00B230E4 /* RemoteRestaurantLoader.swift */ = {isa = PBXFileReference; lastKnownFileType = sourcecode.swift; path = RemoteRestaurantLoader.swift; sourceTree = "<group>"; };
		A8A03ECF2A219B3B007FB49B /* NetworkServiceTests.swift */ = {isa = PBXFileReference; lastKnownFileType = sourcecode.swift; path = NetworkServiceTests.swift; sourceTree = "<group>"; };
		A8A03ED12A21B6CE007FB49B /* URLSessionSpy.swift */ = {isa = PBXFileReference; lastKnownFileType = sourcecode.swift; path = URLSessionSpy.swift; sourceTree = "<group>"; };
		A8A03ED32A21B712007FB49B /* XCTestCase+Helpers.swift */ = {isa = PBXFileReference; lastKnownFileType = sourcecode.swift; path = "XCTestCase+Helpers.swift"; sourceTree = "<group>"; };
		A8A03ED82A2252CC007FB49B /* LocalRestaurantLoader.swift */ = {isa = PBXFileReference; lastKnownFileType = sourcecode.swift; path = LocalRestaurantLoader.swift; sourceTree = "<group>"; };
		A8A03EDB2A2252F8007FB49B /* LocalRestaurantLoaderForSaveCommandTests.swift */ = {isa = PBXFileReference; lastKnownFileType = sourcecode.swift; path = LocalRestaurantLoaderForSaveCommandTests.swift; sourceTree = "<group>"; };
		A8A03EDD2A22A3F7007FB49B /* RestaurantLoader.swift */ = {isa = PBXFileReference; lastKnownFileType = sourcecode.swift; path = RestaurantLoader.swift; sourceTree = "<group>"; };
		A8A03EDF2A22A7CC007FB49B /* LocalRestaurantLoaderForLoadCommandTests.swift */ = {isa = PBXFileReference; lastKnownFileType = sourcecode.swift; path = LocalRestaurantLoaderForLoadCommandTests.swift; sourceTree = "<group>"; };
		A8A03EE12A22A95B007FB49B /* CacheClientSpy.swift */ = {isa = PBXFileReference; lastKnownFileType = sourcecode.swift; path = CacheClientSpy.swift; sourceTree = "<group>"; };
/* End PBXFileReference section */

/* Begin PBXFrameworksBuildPhase section */
		A888D14429C624D700B230E4 /* Frameworks */ = {
			isa = PBXFrameworksBuildPhase;
			buildActionMask = 2147483647;
			files = (
			);
			runOnlyForDeploymentPostprocessing = 0;
		};
		A888D14C29C624D800B230E4 /* Frameworks */ = {
			isa = PBXFrameworksBuildPhase;
			buildActionMask = 2147483647;
			files = (
				A888D15029C624D800B230E4 /* RestaurantDomain.framework in Frameworks */,
			);
			runOnlyForDeploymentPostprocessing = 0;
		};
/* End PBXFrameworksBuildPhase section */

/* Begin PBXGroup section */
		A888D13D29C624D700B230E4 = {
			isa = PBXGroup;
			children = (
				A8A03EDD2A22A3F7007FB49B /* RestaurantLoader.swift */,
				A888D14929C624D800B230E4 /* RestaurantDomain */,
				A888D15329C624D800B230E4 /* RestaurantDomainTests */,
				A888D14829C624D800B230E4 /* Products */,
			);
			sourceTree = "<group>";
		};
		A888D14829C624D800B230E4 /* Products */ = {
			isa = PBXGroup;
			children = (
				A888D14729C624D800B230E4 /* RestaurantDomain.framework */,
				A888D14F29C624D800B230E4 /* RestaurantDomainTests.xctest */,
			);
			name = Products;
			sourceTree = "<group>";
		};
		A888D14929C624D800B230E4 /* RestaurantDomain */ = {
			isa = PBXGroup;
			children = (
				A8A03ED72A22527F007FB49B /* LocalLoader */,
				A8A03ED52A225243007FB49B /* RemoteLoader */,
				A888D14A29C624D800B230E4 /* RestaurantDomain.h */,
				A823B8C92A1C526F00414C7C /* RestaurantItem.swift */,
			);
			path = RestaurantDomain;
			sourceTree = "<group>";
		};
		A888D15329C624D800B230E4 /* RestaurantDomainTests */ = {
			isa = PBXGroup;
			children = (
				A8A03EDA2A2252D9007FB49B /* LocalLoader */,
				A8A03ED62A225264007FB49B /* RemoteLoader */,
				A8A03ED32A21B712007FB49B /* XCTestCase+Helpers.swift */,
			);
			path = RestaurantDomainTests;
			sourceTree = "<group>";
		};
		A8A03ED52A225243007FB49B /* RemoteLoader */ = {
			isa = PBXGroup;
			children = (
				A823B8C72A1C524400414C7C /* NetworkClient.swift */,
				A888D15F29C626EC00B230E4 /* RemoteRestaurantLoader.swift */,
			);
			path = RemoteLoader;
			sourceTree = "<group>";
		};
		A8A03ED62A225264007FB49B /* RemoteLoader */ = {
			isa = PBXGroup;
			children = (
				A888D15429C624D800B230E4 /* RestaurantDomainTests.swift */,
				A823B8CB2A1C52B200414C7C /* NetworkClientSpy.swift */,
				A8A03ECF2A219B3B007FB49B /* NetworkServiceTests.swift */,
				A8A03ED12A21B6CE007FB49B /* URLSessionSpy.swift */,
			);
			path = RemoteLoader;
			sourceTree = "<group>";
		};
		A8A03ED72A22527F007FB49B /* LocalLoader */ = {
			isa = PBXGroup;
			children = (
				A8A03ED82A2252CC007FB49B /* LocalRestaurantLoader.swift */,
				851DCBC92AD77719002E2A9A /* CachePolicy.swift */,
				851DCBCB2AD77794002E2A9A /* CacheClient.swift */,
			);
			path = LocalLoader;
			sourceTree = "<group>";
		};
		A8A03EDA2A2252D9007FB49B /* LocalLoader */ = {
			isa = PBXGroup;
			children = (
				A8A03EDB2A2252F8007FB49B /* LocalRestaurantLoaderForSaveCommandTests.swift */,
				A8A03EDF2A22A7CC007FB49B /* LocalRestaurantLoaderForLoadCommandTests.swift */,
				85E5F3452ACF2F430096B65B /* LocalRestaurantLoaderForValidateCacheCommandTests.swift */,
				A8A03EE12A22A95B007FB49B /* CacheClientSpy.swift */,
			);
			path = LocalLoader;
			sourceTree = "<group>";
		};
/* End PBXGroup section */

/* Begin PBXHeadersBuildPhase section */
		A888D14229C624D700B230E4 /* Headers */ = {
			isa = PBXHeadersBuildPhase;
			buildActionMask = 2147483647;
			files = (
				A888D15629C624D800B230E4 /* RestaurantDomain.h in Headers */,
			);
			runOnlyForDeploymentPostprocessing = 0;
		};
/* End PBXHeadersBuildPhase section */

/* Begin PBXNativeTarget section */
		A888D14629C624D700B230E4 /* RestaurantDomain */ = {
			isa = PBXNativeTarget;
			buildConfigurationList = A888D15929C624D800B230E4 /* Build configuration list for PBXNativeTarget "RestaurantDomain" */;
			buildPhases = (
				A888D14229C624D700B230E4 /* Headers */,
				A888D14329C624D700B230E4 /* Sources */,
				A888D14429C624D700B230E4 /* Frameworks */,
				A888D14529C624D700B230E4 /* Resources */,
			);
			buildRules = (
			);
			dependencies = (
			);
			name = RestaurantDomain;
			productName = RestaurantDomain;
			productReference = A888D14729C624D800B230E4 /* RestaurantDomain.framework */;
			productType = "com.apple.product-type.framework";
		};
		A888D14E29C624D800B230E4 /* RestaurantDomainTests */ = {
			isa = PBXNativeTarget;
			buildConfigurationList = A888D15C29C624D800B230E4 /* Build configuration list for PBXNativeTarget "RestaurantDomainTests" */;
			buildPhases = (
				A888D14B29C624D800B230E4 /* Sources */,
				A888D14C29C624D800B230E4 /* Frameworks */,
				A888D14D29C624D800B230E4 /* Resources */,
			);
			buildRules = (
			);
			dependencies = (
				A888D15229C624D800B230E4 /* PBXTargetDependency */,
			);
			name = RestaurantDomainTests;
			productName = RestaurantDomainTests;
			productReference = A888D14F29C624D800B230E4 /* RestaurantDomainTests.xctest */;
			productType = "com.apple.product-type.bundle.unit-test";
		};
/* End PBXNativeTarget section */

/* Begin PBXProject section */
		A888D13E29C624D700B230E4 /* Project object */ = {
			isa = PBXProject;
			attributes = {
				BuildIndependentTargetsInParallel = 1;
				LastSwiftUpdateCheck = 1410;
				LastUpgradeCheck = 1410;
				TargetAttributes = {
					A888D14629C624D700B230E4 = {
						CreatedOnToolsVersion = 14.1;
						LastSwiftMigration = 1410;
					};
					A888D14E29C624D800B230E4 = {
						CreatedOnToolsVersion = 14.1;
						LastSwiftMigration = 1430;
					};
				};
			};
			buildConfigurationList = A888D14129C624D700B230E4 /* Build configuration list for PBXProject "RestaurantDomain" */;
			compatibilityVersion = "Xcode 14.0";
			developmentRegion = en;
			hasScannedForEncodings = 0;
			knownRegions = (
				en,
				Base,
			);
			mainGroup = A888D13D29C624D700B230E4;
			productRefGroup = A888D14829C624D800B230E4 /* Products */;
			projectDirPath = "";
			projectRoot = "";
			targets = (
				A888D14629C624D700B230E4 /* RestaurantDomain */,
				A888D14E29C624D800B230E4 /* RestaurantDomainTests */,
			);
		};
/* End PBXProject section */

/* Begin PBXResourcesBuildPhase section */
		A888D14529C624D700B230E4 /* Resources */ = {
			isa = PBXResourcesBuildPhase;
			buildActionMask = 2147483647;
			files = (
			);
			runOnlyForDeploymentPostprocessing = 0;
		};
		A888D14D29C624D800B230E4 /* Resources */ = {
			isa = PBXResourcesBuildPhase;
			buildActionMask = 2147483647;
			files = (
			);
			runOnlyForDeploymentPostprocessing = 0;
		};
/* End PBXResourcesBuildPhase section */

/* Begin PBXSourcesBuildPhase section */
		A888D14329C624D700B230E4 /* Sources */ = {
			isa = PBXSourcesBuildPhase;
			buildActionMask = 2147483647;
			files = (
				A8A03EDE2A22A3F7007FB49B /* RestaurantLoader.swift in Sources */,
				A888D16029C626EC00B230E4 /* RemoteRestaurantLoader.swift in Sources */,
				851DCBCA2AD77719002E2A9A /* CachePolicy.swift in Sources */,
				A8A03ED92A2252CC007FB49B /* LocalRestaurantLoader.swift in Sources */,
				851DCBCC2AD77794002E2A9A /* CacheClient.swift in Sources */,
				A823B8CA2A1C526F00414C7C /* RestaurantItem.swift in Sources */,
				A823B8C82A1C524400414C7C /* NetworkClient.swift in Sources */,
			);
			runOnlyForDeploymentPostprocessing = 0;
		};
		A888D14B29C624D800B230E4 /* Sources */ = {
			isa = PBXSourcesBuildPhase;
			buildActionMask = 2147483647;
			files = (
				A8A03ED42A21B712007FB49B /* XCTestCase+Helpers.swift in Sources */,
				A823B8CC2A1C52B200414C7C /* NetworkClientSpy.swift in Sources */,
				A8A03EE02A22A7CC007FB49B /* LocalRestaurantLoaderForLoadCommandTests.swift in Sources */,
				85E5F3462ACF2F430096B65B /* LocalRestaurantLoaderForValidateCacheCommandTests.swift in Sources */,
				A8A03EDC2A2252F8007FB49B /* LocalRestaurantLoaderForSaveCommandTests.swift in Sources */,
				A8A03ED22A21B6CE007FB49B /* URLSessionSpy.swift in Sources */,
				A8A03ED02A219B3C007FB49B /* NetworkServiceTests.swift in Sources */,
				A8A03EE22A22A95B007FB49B /* CacheClientSpy.swift in Sources */,
				A888D15529C624D800B230E4 /* RestaurantDomainTests.swift in Sources */,
			);
			runOnlyForDeploymentPostprocessing = 0;
		};
/* End PBXSourcesBuildPhase section */

/* Begin PBXTargetDependency section */
		A888D15229C624D800B230E4 /* PBXTargetDependency */ = {
			isa = PBXTargetDependency;
			target = A888D14629C624D700B230E4 /* RestaurantDomain */;
			targetProxy = A888D15129C624D800B230E4 /* PBXContainerItemProxy */;
		};
/* End PBXTargetDependency section */

/* Begin XCBuildConfiguration section */
		A888D15729C624D800B230E4 /* Debug */ = {
			isa = XCBuildConfiguration;
			buildSettings = {
				ALWAYS_SEARCH_USER_PATHS = NO;
				CLANG_ANALYZER_NONNULL = YES;
				CLANG_ANALYZER_NUMBER_OBJECT_CONVERSION = YES_AGGRESSIVE;
				CLANG_CXX_LANGUAGE_STANDARD = "gnu++20";
				CLANG_ENABLE_MODULES = YES;
				CLANG_ENABLE_OBJC_ARC = YES;
				CLANG_ENABLE_OBJC_WEAK = YES;
				CLANG_WARN_BLOCK_CAPTURE_AUTORELEASING = YES;
				CLANG_WARN_BOOL_CONVERSION = YES;
				CLANG_WARN_COMMA = YES;
				CLANG_WARN_CONSTANT_CONVERSION = YES;
				CLANG_WARN_DEPRECATED_OBJC_IMPLEMENTATIONS = YES;
				CLANG_WARN_DIRECT_OBJC_ISA_USAGE = YES_ERROR;
				CLANG_WARN_DOCUMENTATION_COMMENTS = YES;
				CLANG_WARN_EMPTY_BODY = YES;
				CLANG_WARN_ENUM_CONVERSION = YES;
				CLANG_WARN_INFINITE_RECURSION = YES;
				CLANG_WARN_INT_CONVERSION = YES;
				CLANG_WARN_NON_LITERAL_NULL_CONVERSION = YES;
				CLANG_WARN_OBJC_IMPLICIT_RETAIN_SELF = YES;
				CLANG_WARN_OBJC_LITERAL_CONVERSION = YES;
				CLANG_WARN_OBJC_ROOT_CLASS = YES_ERROR;
				CLANG_WARN_QUOTED_INCLUDE_IN_FRAMEWORK_HEADER = YES;
				CLANG_WARN_RANGE_LOOP_ANALYSIS = YES;
				CLANG_WARN_STRICT_PROTOTYPES = YES;
				CLANG_WARN_SUSPICIOUS_MOVE = YES;
				CLANG_WARN_UNGUARDED_AVAILABILITY = YES_AGGRESSIVE;
				CLANG_WARN_UNREACHABLE_CODE = YES;
				CLANG_WARN__DUPLICATE_METHOD_MATCH = YES;
				COPY_PHASE_STRIP = NO;
				CURRENT_PROJECT_VERSION = 1;
				DEBUG_INFORMATION_FORMAT = dwarf;
				ENABLE_STRICT_OBJC_MSGSEND = YES;
				ENABLE_TESTABILITY = YES;
				GCC_C_LANGUAGE_STANDARD = gnu11;
				GCC_DYNAMIC_NO_PIC = NO;
				GCC_NO_COMMON_BLOCKS = YES;
				GCC_OPTIMIZATION_LEVEL = 0;
				GCC_PREPROCESSOR_DEFINITIONS = (
					"DEBUG=1",
					"$(inherited)",
				);
				GCC_WARN_64_TO_32_BIT_CONVERSION = YES;
				GCC_WARN_ABOUT_RETURN_TYPE = YES_ERROR;
				GCC_WARN_UNDECLARED_SELECTOR = YES;
				GCC_WARN_UNINITIALIZED_AUTOS = YES_AGGRESSIVE;
				GCC_WARN_UNUSED_FUNCTION = YES;
				GCC_WARN_UNUSED_VARIABLE = YES;
				MACOSX_DEPLOYMENT_TARGET = 12.6;
				MTL_ENABLE_DEBUG_INFO = INCLUDE_SOURCE;
				MTL_FAST_MATH = YES;
				ONLY_ACTIVE_ARCH = YES;
				SDKROOT = macosx;
				SWIFT_ACTIVE_COMPILATION_CONDITIONS = DEBUG;
				SWIFT_OPTIMIZATION_LEVEL = "-Onone";
				VERSIONING_SYSTEM = "apple-generic";
				VERSION_INFO_PREFIX = "";
			};
			name = Debug;
		};
		A888D15829C624D800B230E4 /* Release */ = {
			isa = XCBuildConfiguration;
			buildSettings = {
				ALWAYS_SEARCH_USER_PATHS = NO;
				CLANG_ANALYZER_NONNULL = YES;
				CLANG_ANALYZER_NUMBER_OBJECT_CONVERSION = YES_AGGRESSIVE;
				CLANG_CXX_LANGUAGE_STANDARD = "gnu++20";
				CLANG_ENABLE_MODULES = YES;
				CLANG_ENABLE_OBJC_ARC = YES;
				CLANG_ENABLE_OBJC_WEAK = YES;
				CLANG_WARN_BLOCK_CAPTURE_AUTORELEASING = YES;
				CLANG_WARN_BOOL_CONVERSION = YES;
				CLANG_WARN_COMMA = YES;
				CLANG_WARN_CONSTANT_CONVERSION = YES;
				CLANG_WARN_DEPRECATED_OBJC_IMPLEMENTATIONS = YES;
				CLANG_WARN_DIRECT_OBJC_ISA_USAGE = YES_ERROR;
				CLANG_WARN_DOCUMENTATION_COMMENTS = YES;
				CLANG_WARN_EMPTY_BODY = YES;
				CLANG_WARN_ENUM_CONVERSION = YES;
				CLANG_WARN_INFINITE_RECURSION = YES;
				CLANG_WARN_INT_CONVERSION = YES;
				CLANG_WARN_NON_LITERAL_NULL_CONVERSION = YES;
				CLANG_WARN_OBJC_IMPLICIT_RETAIN_SELF = YES;
				CLANG_WARN_OBJC_LITERAL_CONVERSION = YES;
				CLANG_WARN_OBJC_ROOT_CLASS = YES_ERROR;
				CLANG_WARN_QUOTED_INCLUDE_IN_FRAMEWORK_HEADER = YES;
				CLANG_WARN_RANGE_LOOP_ANALYSIS = YES;
				CLANG_WARN_STRICT_PROTOTYPES = YES;
				CLANG_WARN_SUSPICIOUS_MOVE = YES;
				CLANG_WARN_UNGUARDED_AVAILABILITY = YES_AGGRESSIVE;
				CLANG_WARN_UNREACHABLE_CODE = YES;
				CLANG_WARN__DUPLICATE_METHOD_MATCH = YES;
				COPY_PHASE_STRIP = NO;
				CURRENT_PROJECT_VERSION = 1;
				DEBUG_INFORMATION_FORMAT = "dwarf-with-dsym";
				ENABLE_NS_ASSERTIONS = NO;
				ENABLE_STRICT_OBJC_MSGSEND = YES;
				GCC_C_LANGUAGE_STANDARD = gnu11;
				GCC_NO_COMMON_BLOCKS = YES;
				GCC_WARN_64_TO_32_BIT_CONVERSION = YES;
				GCC_WARN_ABOUT_RETURN_TYPE = YES_ERROR;
				GCC_WARN_UNDECLARED_SELECTOR = YES;
				GCC_WARN_UNINITIALIZED_AUTOS = YES_AGGRESSIVE;
				GCC_WARN_UNUSED_FUNCTION = YES;
				GCC_WARN_UNUSED_VARIABLE = YES;
				MACOSX_DEPLOYMENT_TARGET = 12.6;
				MTL_ENABLE_DEBUG_INFO = NO;
				MTL_FAST_MATH = YES;
				SDKROOT = macosx;
				SWIFT_COMPILATION_MODE = wholemodule;
				SWIFT_OPTIMIZATION_LEVEL = "-O";
				VERSIONING_SYSTEM = "apple-generic";
				VERSION_INFO_PREFIX = "";
			};
			name = Release;
		};
		A888D15A29C624D800B230E4 /* Debug */ = {
			isa = XCBuildConfiguration;
			buildSettings = {
				CLANG_ENABLE_MODULES = YES;
				CODE_SIGN_STYLE = Automatic;
				COMBINE_HIDPI_IMAGES = YES;
				CURRENT_PROJECT_VERSION = 1;
				DEFINES_MODULE = YES;
				DEVELOPMENT_TEAM = 944UGLCUDB;
				DYLIB_COMPATIBILITY_VERSION = 1;
				DYLIB_CURRENT_VERSION = 1;
				DYLIB_INSTALL_NAME_BASE = "@rpath";
				GENERATE_INFOPLIST_FILE = YES;
				INFOPLIST_KEY_NSHumanReadableCopyright = "";
				INSTALL_PATH = "$(LOCAL_LIBRARY_DIR)/Frameworks";
				LD_RUNPATH_SEARCH_PATHS = (
					"$(inherited)",
					"@executable_path/../Frameworks",
					"@loader_path/Frameworks",
				);
				MARKETING_VERSION = 1.0;
				PRODUCT_BUNDLE_IDENTIFIER = br.com.GabrielMendonca.RestaurantDomain;
				PRODUCT_NAME = "$(TARGET_NAME:c99extidentifier)";
				SKIP_INSTALL = YES;
				SWIFT_EMIT_LOC_STRINGS = YES;
				SWIFT_OPTIMIZATION_LEVEL = "-Onone";
				SWIFT_VERSION = 5.0;
			};
			name = Debug;
		};
		A888D15B29C624D800B230E4 /* Release */ = {
			isa = XCBuildConfiguration;
			buildSettings = {
				CLANG_ENABLE_MODULES = YES;
				CODE_SIGN_STYLE = Automatic;
				COMBINE_HIDPI_IMAGES = YES;
				CURRENT_PROJECT_VERSION = 1;
				DEFINES_MODULE = YES;
				DEVELOPMENT_TEAM = 944UGLCUDB;
				DYLIB_COMPATIBILITY_VERSION = 1;
				DYLIB_CURRENT_VERSION = 1;
				DYLIB_INSTALL_NAME_BASE = "@rpath";
				GENERATE_INFOPLIST_FILE = YES;
				INFOPLIST_KEY_NSHumanReadableCopyright = "";
				INSTALL_PATH = "$(LOCAL_LIBRARY_DIR)/Frameworks";
				LD_RUNPATH_SEARCH_PATHS = (
					"$(inherited)",
					"@executable_path/../Frameworks",
					"@loader_path/Frameworks",
				);
				MARKETING_VERSION = 1.0;
				PRODUCT_BUNDLE_IDENTIFIER = br.com.GabrielMendonca.RestaurantDomain;
				PRODUCT_NAME = "$(TARGET_NAME:c99extidentifier)";
				SKIP_INSTALL = YES;
				SWIFT_EMIT_LOC_STRINGS = YES;
				SWIFT_VERSION = 5.0;
			};
			name = Release;
		};
		A888D15D29C624D800B230E4 /* Debug */ = {
			isa = XCBuildConfiguration;
			buildSettings = {
				ALWAYS_EMBED_SWIFT_STANDARD_LIBRARIES = YES;
				CLANG_ENABLE_MODULES = YES;
				CODE_SIGN_STYLE = Automatic;
				CURRENT_PROJECT_VERSION = 1;
				DEVELOPMENT_TEAM = 944UGLCUDB;
				GENERATE_INFOPLIST_FILE = YES;
				MARKETING_VERSION = 1.0;
				PRODUCT_BUNDLE_IDENTIFIER = br.com.GabrielMendonca.RestaurantDomainTests;
				PRODUCT_NAME = "$(TARGET_NAME)";
				SWIFT_EMIT_LOC_STRINGS = NO;
				SWIFT_OPTIMIZATION_LEVEL = "-Onone";
				SWIFT_VERSION = 5.0;
			};
			name = Debug;
		};
		A888D15E29C624D800B230E4 /* Release */ = {
			isa = XCBuildConfiguration;
			buildSettings = {
				ALWAYS_EMBED_SWIFT_STANDARD_LIBRARIES = YES;
				CLANG_ENABLE_MODULES = YES;
				CODE_SIGN_STYLE = Automatic;
				CURRENT_PROJECT_VERSION = 1;
				DEVELOPMENT_TEAM = 944UGLCUDB;
				GENERATE_INFOPLIST_FILE = YES;
				MARKETING_VERSION = 1.0;
				PRODUCT_BUNDLE_IDENTIFIER = br.com.GabrielMendonca.RestaurantDomainTests;
				PRODUCT_NAME = "$(TARGET_NAME)";
				SWIFT_EMIT_LOC_STRINGS = NO;
				SWIFT_VERSION = 5.0;
			};
			name = Release;
		};
/* End XCBuildConfiguration section */

/* Begin XCConfigurationList section */
		A888D14129C624D700B230E4 /* Build configuration list for PBXProject "RestaurantDomain" */ = {
			isa = XCConfigurationList;
			buildConfigurations = (
				A888D15729C624D800B230E4 /* Debug */,
				A888D15829C624D800B230E4 /* Release */,
			);
			defaultConfigurationIsVisible = 0;
			defaultConfigurationName = Release;
		};
		A888D15929C624D800B230E4 /* Build configuration list for PBXNativeTarget "RestaurantDomain" */ = {
			isa = XCConfigurationList;
			buildConfigurations = (
				A888D15A29C624D800B230E4 /* Debug */,
				A888D15B29C624D800B230E4 /* Release */,
			);
			defaultConfigurationIsVisible = 0;
			defaultConfigurationName = Release;
		};
		A888D15C29C624D800B230E4 /* Build configuration list for PBXNativeTarget "RestaurantDomainTests" */ = {
			isa = XCConfigurationList;
			buildConfigurations = (
				A888D15D29C624D800B230E4 /* Debug */,
				A888D15E29C624D800B230E4 /* Release */,
			);
			defaultConfigurationIsVisible = 0;
			defaultConfigurationName = Release;
		};
/* End XCConfigurationList section */
	};
	rootObject = A888D13E29C624D700B230E4 /* Project object */;
}
